
Microsoft Visual Studio Solution File, Format Version 11.00
# Visual Studio 2010
Project("{FAE04EC0-301F-11D3-BF4B-00C04F79EFBC}") = "Tests", "Tests.csproj", "{A055BDDA-0E75-4369-AFC1-A46031AA4846}"
EndProject
Project("{2150E333-8FDC-42A3-9474-1A3956D46DE8}") = "Solution Items", "Solution Items", "{D9FFB6A5-E437-489A-9FE4-232C9274FDA1}"
	ProjectSection(SolutionItems) = preProject
		Local.testsettings = Local.testsettings
		test.vsmdi = test.vsmdi
		TraceAndTestImpact.testsettings = TraceAndTestImpact.testsettings
	EndProjectSection
EndProject
Global
	GlobalSection(TestCaseManagementSettings) = postSolution
		CategoryFile = test.vsmdi
	EndGlobalSection
	GlobalSection(SolutionConfigurationPlatforms) = preSolution
		Debug|Any CPU = Debug|Any CPU
		Release|Any CPU = Release|Any CPU
	EndGlobalSection
	GlobalSection(ProjectConfigurationPlatforms) = postSolution
		{A055BDDA-0E75-4369-AFC1-A46031AA4846}.Debug|Any CPU.ActiveCfg = Debug|Any CPU
		{A055BDDA-0E75-4369-AFC1-A46031AA4846}.Debug|Any CPU.Build.0 = Debug|Any CPU
		{A055BDDA-0E75-4369-AFC1-A46031AA4846}.Release|Any CPU.ActiveCfg = Release|Any CPU
		{A055BDDA-0E75-4369-AFC1-A46031AA4846}.Release|Any CPU.Build.0 = Release|Any CPU
	EndGlobalSection
	GlobalSection(SolutionProperties) = preSolution
		HideSolutionNode = FALSE
	EndGlobalSection
EndGlobal
